
Microsoft Visual Studio Solution File, Format Version 12.00
# Visual Studio Version 16
VisualStudioVersion = 16.0.29920.165
MinimumVisualStudioVersion = 10.0.40219.1
Project("{FAE04EC0-301F-11D3-BF4B-00C04F79EFBC}") = "quark_academy", "quark_academy\quark_academy.csproj", "{BFAE9FFB-CC59-45DC-8E19-AEBCFF96062E}"
EndProject
Global
	GlobalSection(SolutionConfigurationPlatforms) = preSolution
		Debug|Any CPU = Debug|Any CPU
		Release|Any CPU = Release|Any CPU
	EndGlobalSection
	GlobalSection(ProjectConfigurationPlatforms) = postSolution
		{BFAE9FFB-CC59-45DC-8E19-AEBCFF96062E}.Debug|Any CPU.ActiveCfg = Debug|Any CPU
		{BFAE9FFB-CC59-45DC-8E19-AEBCFF96062E}.Debug|Any CPU.Build.0 = Debug|Any CPU
		{BFAE9FFB-CC59-45DC-8E19-AEBCFF96062E}.Release|Any CPU.ActiveCfg = Release|Any CPU
		{BFAE9FFB-CC59-45DC-8E19-AEBCFF96062E}.Release|Any CPU.Build.0 = Release|Any CPU
	EndGlobalSection
	GlobalSection(SolutionProperties) = preSolution
		HideSolutionNode = FALSE
	EndGlobalSection
	GlobalSection(ExtensibilityGlobals) = postSolution
		SolutionGuid = {51C148B4-26FF-48F7-B4F6-EAB505DF3750}
	EndGlobalSection
EndGlobal
